
Microsoft Visual Studio Solution File, Format Version 12.00
# Visual Studio Version 16
VisualStudioVersion = 16.0.30523.141
MinimumVisualStudioVersion = 10.0.40219.1
Project("{F184B08F-C81C-45F6-A57F-5ABD9991F28F}") = "TestApi", "TestApi\TestApi.vbproj", "{CD40EAEE-BD8C-49A4-9436-BD030E8E6E53}"
EndProject
Global
	GlobalSection(SolutionConfigurationPlatforms) = preSolution
		Debug|Any CPU = Debug|Any CPU
		Release|Any CPU = Release|Any CPU
	EndGlobalSection
	GlobalSection(ProjectConfigurationPlatforms) = postSolution
		{CD40EAEE-BD8C-49A4-9436-BD030E8E6E53}.Debug|Any CPU.ActiveCfg = Debug|Any CPU
		{CD40EAEE-BD8C-49A4-9436-BD030E8E6E53}.Debug|Any CPU.Build.0 = Debug|Any CPU
		{CD40EAEE-BD8C-49A4-9436-BD030E8E6E53}.Release|Any CPU.ActiveCfg = Release|Any CPU
		{CD40EAEE-BD8C-49A4-9436-BD030E8E6E53}.Release|Any CPU.Build.0 = Release|Any CPU
	EndGlobalSection
	GlobalSection(SolutionProperties) = preSolution
		HideSolutionNode = FALSE
	EndGlobalSection
	GlobalSection(ExtensibilityGlobals) = postSolution
		SolutionGuid = {313CA718-DD23-4A38-BB22-D0D8959A97F0}
	EndGlobalSection
EndGlobal
